
Microsoft Visual Studio Solution File, Format Version 12.00
# Visual Studio Version 16
VisualStudioVersion = 16.0.29806.167
MinimumVisualStudioVersion = 10.0.40219.1
Project("{9A19103F-16F7-4668-BE54-9A1E7A4F7556}") = "eventhub-to-cosmos", "eventhub-to-cosmos\eventhub-to-cosmos.csproj", "{F4815428-F2AD-4547-A30B-07966219F931}"
EndProject
Global
	GlobalSection(SolutionConfigurationPlatforms) = preSolution
		Debug|Any CPU = Debug|Any CPU
		Release|Any CPU = Release|Any CPU
	EndGlobalSection
	GlobalSection(ProjectConfigurationPlatforms) = postSolution
		{F4815428-F2AD-4547-A30B-07966219F931}.Debug|Any CPU.ActiveCfg = Debug|Any CPU
		{F4815428-F2AD-4547-A30B-07966219F931}.Debug|Any CPU.Build.0 = Debug|Any CPU
		{F4815428-F2AD-4547-A30B-07966219F931}.Release|Any CPU.ActiveCfg = Release|Any CPU
		{F4815428-F2AD-4547-A30B-07966219F931}.Release|Any CPU.Build.0 = Release|Any CPU
	EndGlobalSection
	GlobalSection(SolutionProperties) = preSolution
		HideSolutionNode = FALSE
	EndGlobalSection
	GlobalSection(ExtensibilityGlobals) = postSolution
		SolutionGuid = {BA0DDFA2-C51E-4774-B2E0-84BCB9A2985C}
	EndGlobalSection
EndGlobal
